
Microsoft Visual Studio Solution File, Format Version 12.00
# Visual Studio 2015
Project("{FAE04EC0-301F-11D3-BF4B-00C04F79EFBC}") = "MahJong", "MahJong.csproj", "{85A701F3-EDA1-813C-46E5-42AFF76C23E1}"
EndProject
Project("{FAE04EC0-301F-11D3-BF4B-00C04F79EFBC}") = "MahJong.Editor", "MahJong.Editor.csproj", "{7DFDC3FD-54A0-58FE-624A-CCD33B13E316}"
EndProject
Global
	GlobalSection(SolutionConfigurationPlatforms) = preSolution
		Debug|Any CPU = Debug|Any CPU
		Release|Any CPU = Release|Any CPU
	EndGlobalSection
	GlobalSection(ProjectConfigurationPlatforms) = postSolution
		{85A701F3-EDA1-813C-46E5-42AFF76C23E1}.Debug|Any CPU.ActiveCfg = Debug|Any CPU
		{85A701F3-EDA1-813C-46E5-42AFF76C23E1}.Debug|Any CPU.Build.0 = Debug|Any CPU
		{85A701F3-EDA1-813C-46E5-42AFF76C23E1}.Release|Any CPU.ActiveCfg = Release|Any CPU
		{85A701F3-EDA1-813C-46E5-42AFF76C23E1}.Release|Any CPU.Build.0 = Release|Any CPU
		{7DFDC3FD-54A0-58FE-624A-CCD33B13E316}.Debug|Any CPU.ActiveCfg = Debug|Any CPU
		{7DFDC3FD-54A0-58FE-624A-CCD33B13E316}.Debug|Any CPU.Build.0 = Debug|Any CPU
		{7DFDC3FD-54A0-58FE-624A-CCD33B13E316}.Release|Any CPU.ActiveCfg = Release|Any CPU
		{7DFDC3FD-54A0-58FE-624A-CCD33B13E316}.Release|Any CPU.Build.0 = Release|Any CPU
	EndGlobalSection
	GlobalSection(SolutionProperties) = preSolution
		HideSolutionNode = FALSE
	EndGlobalSection
EndGlobal
